// !$*UTF8*$!
{
	archiveVersion = 1;
	classes = {
	};
	objectVersion = 46;
	objects = {

/* Begin PBXBuildFile section */
		7E1E8E401F0A5036004F359A /* AppDelegate.swift in Sources */ = {isa = PBXBuildFile; fileRef = 7E1E8E3F1F0A5036004F359A /* AppDelegate.swift */; };
		7E1E8E421F0A5036004F359A /* ViewController.swift in Sources */ = {isa = PBXBuildFile; fileRef = 7E1E8E411F0A5036004F359A /* ViewController.swift */; };
		7E1E8E451F0A5036004F359A /* Main.storyboard in Resources */ = {isa = PBXBuildFile; fileRef = 7E1E8E431F0A5036004F359A /* Main.storyboard */; };
		7E1E8E471F0A5036004F359A /* Assets.xcassets in Resources */ = {isa = PBXBuildFile; fileRef = 7E1E8E461F0A5036004F359A /* Assets.xcassets */; };
		7E1E8E4A1F0A5036004F359A /* LaunchScreen.storyboard in Resources */ = {isa = PBXBuildFile; fileRef = 7E1E8E481F0A5036004F359A /* LaunchScreen.storyboard */; };
		7E1E8E531F0A52C6004F359A /* HoneycombCollectionViewCell.swift in Sources */ = {isa = PBXBuildFile; fileRef = 7E1E8E511F0A52C6004F359A /* HoneycombCollectionViewCell.swift */; };
		7E1E8E541F0A52C6004F359A /* HoneycombCollectionViewCell.xib in Resources */ = {isa = PBXBuildFile; fileRef = 7E1E8E521F0A52C6004F359A /* HoneycombCollectionViewCell.xib */; };
/* End PBXBuildFile section */

/* Begin PBXFileReference section */
		7E1E8E3C1F0A5036004F359A /* HoneycombPractice.app */ = {isa = PBXFileReference; explicitFileType = wrapper.application; includeInIndex = 0; path = HoneycombPractice.app; sourceTree = BUILT_PRODUCTS_DIR; };
		7E1E8E3F1F0A5036004F359A /* AppDelegate.swift */ = {isa = PBXFileReference; lastKnownFileType = sourcecode.swift; path = AppDelegate.swift; sourceTree = "<group>"; };
		7E1E8E411F0A5036004F359A /* ViewController.swift */ = {isa = PBXFileReference; lastKnownFileType = sourcecode.swift; path = ViewController.swift; sourceTree = "<group>"; };
		7E1E8E441F0A5036004F359A /* Base */ = {isa = PBXFileReference; lastKnownFileType = file.storyboard; name = Base; path = Base.lproj/Main.storyboard; sourceTree = "<group>"; };
		7E1E8E461F0A5036004F359A /* Assets.xcassets */ = {isa = PBXFileReference; lastKnownFileType = folder.assetcatalog; path = Assets.xcassets; sourceTree = "<group>"; };
		7E1E8E491F0A5036004F359A /* Base */ = {isa = PBXFileReference; lastKnownFileType = file.storyboard; name = Base; path = Base.lproj/LaunchScreen.storyboard; sourceTree = "<group>"; };
		7E1E8E4B1F0A5036004F359A /* Info.plist */ = {isa = PBXFileReference; lastKnownFileType = text.plist.xml; path = Info.plist; sourceTree = "<group>"; };
		7E1E8E511F0A52C6004F359A /* HoneycombCollectionViewCell.swift */ = {isa = PBXFileReference; fileEncoding = 4; lastKnownFileType = sourcecode.swift; path = HoneycombCollectionViewCell.swift; sourceTree = "<group>"; };
		7E1E8E521F0A52C6004F359A /* HoneycombCollectionViewCell.xib */ = {isa = PBXFileReference; fileEncoding = 4; lastKnownFileType = file.xib; path = HoneycombCollectionViewCell.xib; sourceTree = "<group>"; };
/* End PBXFileReference section */

/* Begin PBXFrameworksBuildPhase section */
		7E1E8E391F0A5036004F359A /* Frameworks */ = {
			isa = PBXFrameworksBuildPhase;
			buildActionMask = 2147483647;
			files = (
			);
			runOnlyForDeploymentPostprocessing = 0;
		};
/* End PBXFrameworksBuildPhase section */

/* Begin PBXGroup section */
		7E1E8E331F0A5036004F359A = {
			isa = PBXGroup;
			children = (
				7E1E8E3E1F0A5036004F359A /* HoneycombPractice */,
				7E1E8E3D1F0A5036004F359A /* Products */,
			);
			sourceTree = "<group>";
		};
		7E1E8E3D1F0A5036004F359A /* Products */ = {
			isa = PBXGroup;
			children = (
				7E1E8E3C1F0A5036004F359A /* HoneycombPractice.app */,
			);
			name = Products;
			sourceTree = "<group>";
		};
		7E1E8E3E1F0A5036004F359A /* HoneycombPractice */ = {
			isa = PBXGroup;
			children = (
				7E1E8E3F1F0A5036004F359A /* AppDelegate.swift */,
				7E1E8E411F0A5036004F359A /* ViewController.swift */,
				7E1E8E431F0A5036004F359A /* Main.storyboard */,
				7E1E8E511F0A52C6004F359A /* HoneycombCollectionViewCell.swift */,
				7E1E8E521F0A52C6004F359A /* HoneycombCollectionViewCell.xib */,
				7E1E8E461F0A5036004F359A /* Assets.xcassets */,
				7E1E8E481F0A5036004F359A /* LaunchScreen.storyboard */,
				7E1E8E4B1F0A5036004F359A /* Info.plist */,
			);
			path = HoneycombPractice;
			sourceTree = "<group>";
		};
/* End PBXGroup section */

/* Begin PBXNativeTarget section */
		7E1E8E3B1F0A5036004F359A /* HoneycombPractice */ = {
			isa = PBXNativeTarget;
			buildConfigurationList = 7E1E8E4E1F0A5036004F359A /* Build configuration list for PBXNativeTarget "HoneycombPractice" */;
			buildPhases = (
				7E1E8E381F0A5036004F359A /* Sources */,
				7E1E8E391F0A5036004F359A /* Frameworks */,
				7E1E8E3A1F0A5036004F359A /* Resources */,
			);
			buildRules = (
			);
			dependencies = (
			);
			name = HoneycombPractice;
			productName = HoneycombPractice;
			productReference = 7E1E8E3C1F0A5036004F359A /* HoneycombPractice.app */;
			productType = "com.apple.product-type.application";
		};
/* End PBXNativeTarget section */

/* Begin PBXProject section */
		7E1E8E341F0A5036004F359A /* Project object */ = {
			isa = PBXProject;
			attributes = {
				LastSwiftUpdateCheck = 0830;
				LastUpgradeCheck = 0830;
				ORGANIZATIONNAME = Hanyu;
				TargetAttributes = {
					7E1E8E3B1F0A5036004F359A = {
						CreatedOnToolsVersion = 8.3.3;
						DevelopmentTeam = GNEXKQ27HT;
						ProvisioningStyle = Automatic;
					};
				};
			};
			buildConfigurationList = 7E1E8E371F0A5036004F359A /* Build configuration list for PBXProject "HoneycombPractice" */;
			compatibilityVersion = "Xcode 3.2";
			developmentRegion = English;
			hasScannedForEncodings = 0;
			knownRegions = (
				en,
				Base,
			);
			mainGroup = 7E1E8E331F0A5036004F359A;
			productRefGroup = 7E1E8E3D1F0A5036004F359A /* Products */;
			projectDirPath = "";
			projectRoot = "";
			targets = (
				7E1E8E3B1F0A5036004F359A /* HoneycombPractice */,
			);
		};
/* End PBXProject section */

/* Begin PBXResourcesBuildPhase section */
		7E1E8E3A1F0A5036004F359A /* Resources */ = {
			isa = PBXResourcesBuildPhase;
			buildActionMask = 2147483647;
			files = (
				7E1E8E4A1F0A5036004F359A /* LaunchScreen.storyboard in Resources */,
				7E1E8E471F0A5036004F359A /* Assets.xcassets in Resources */,
				7E1E8E451F0A5036004F359A /* Main.storyboard in Resources */,
				7E1E8E541F0A52C6004F359A /* HoneycombCollectionViewCell.xib in Resources */,
			);
			runOnlyForDeploymentPostprocessing = 0;
		};
/* End PBXResourcesBuildPhase section */

/* Begin PBXSourcesBuildPhase section */
		7E1E8E381F0A5036004F359A /* Sources */ = {
			isa = PBXSourcesBuildPhase;
			buildActionMask = 2147483647;
			files = (
				7E1E8E421F0A5036004F359A /* ViewController.swift in Sources */,
				7E1E8E531F0A52C6004F359A /* HoneycombCollectionViewCell.swift in Sources */,
				7E1E8E401F0A5036004F359A /* AppDelegate.swift in Sources */,
			);
			runOnlyForDeploymentPostprocessing = 0;
		};
/* End PBXSourcesBuildPhase section */

/* Begin PBXVariantGroup section */
		7E1E8E431F0A5036004F359A /* Main.storyboard */ = {
			isa = PBXVariantGroup;
			children = (
				7E1E8E441F0A5036004F359A /* Base */,
			);
			name = Main.storyboard;
			sourceTree = "<group>";
		};
		7E1E8E481F0A5036004F359A /* LaunchScreen.storyboard */ = {
			isa = PBXVariantGroup;
			children = (
				7E1E8E491F0A5036004F359A /* Base */,
			);
			name = LaunchScreen.storyboard;
			sourceTree = "<group>";
		};
/* End PBXVariantGroup section */

/* Begin XCBuildConfiguration section */
		7E1E8E4C1F0A5036004F359A /* Debug */ = {
			isa = XCBuildConfiguration;
			buildSettings = {
				ALWAYS_SEARCH_USER_PATHS = NO;
				CLANG_ANALYZER_NONNULL = YES;
				CLANG_ANALYZER_NUMBER_OBJECT_CONVERSION = YES_AGGRESSIVE;
				CLANG_CXX_LANGUAGE_STANDARD = "gnu++0x";
				CLANG_CXX_LIBRARY = "libc++";
				CLANG_ENABLE_MODULES = YES;
				CLANG_ENABLE_OBJC_ARC = YES;
				CLANG_WARN_BOOL_CONVERSION = YES;
				CLANG_WARN_CONSTANT_CONVERSION = YES;
				CLANG_WARN_DIRECT_OBJC_ISA_USAGE = YES_ERROR;
				CLANG_WARN_DOCUMENTATION_COMMENTS = YES;
				CLANG_WARN_EMPTY_BODY = YES;
				CLANG_WARN_ENUM_CONVERSION = YES;
				CLANG_WARN_INFINITE_RECURSION = YES;
				CLANG_WARN_INT_CONVERSION = YES;
				CLANG_WARN_OBJC_ROOT_CLASS = YES_ERROR;
				CLANG_WARN_SUSPICIOUS_MOVE = YES;
				CLANG_WARN_UNREACHABLE_CODE = YES;
				CLANG_WARN__DUPLICATE_METHOD_MATCH = YES;
				"CODE_SIGN_IDENTITY[sdk=iphoneos*]" = "iPhone Developer";
				COPY_PHASE_STRIP = NO;
				DEBUG_INFORMATION_FORMAT = dwarf;
				ENABLE_STRICT_OBJC_MSGSEND = YES;
				ENABLE_TESTABILITY = YES;
				GCC_C_LANGUAGE_STANDARD = gnu99;
				GCC_DYNAMIC_NO_PIC = NO;
				GCC_NO_COMMON_BLOCKS = YES;
				GCC_OPTIMIZATION_LEVEL = 0;
				GCC_PREPROCESSOR_DEFINITIONS = (
					"DEBUG=1",
					"$(inherited)",
				);
				GCC_WARN_64_TO_32_BIT_CONVERSION = YES;
				GCC_WARN_ABOUT_RETURN_TYPE = YES_ERROR;
				GCC_WARN_UNDECLARED_SELECTOR = YES;
				GCC_WARN_UNINITIALIZED_AUTOS = YES_AGGRESSIVE;
				GCC_WARN_UNUSED_FUNCTION = YES;
				GCC_WARN_UNUSED_VARIABLE = YES;
				IPHONEOS_DEPLOYMENT_TARGET = 10.3;
				MTL_ENABLE_DEBUG_INFO = YES;
				ONLY_ACTIVE_ARCH = YES;
				SDKROOT = iphoneos;
				SWIFT_ACTIVE_COMPILATION_CONDITIONS = DEBUG;
				SWIFT_OPTIMIZATION_LEVEL = "-Onone";
			};
			name = Debug;
		};
		7E1E8E4D1F0A5036004F359A /* Release */ = {
			isa = XCBuildConfiguration;
			buildSettings = {
				ALWAYS_SEARCH_USER_PATHS = NO;
				CLANG_ANALYZER_NONNULL = YES;
				CLANG_ANALYZER_NUMBER_OBJECT_CONVERSION = YES_AGGRESSIVE;
				CLANG_CXX_LANGUAGE_STANDARD = "gnu++0x";
				CLANG_CXX_LIBRARY = "libc++";
				CLANG_ENABLE_MODULES = YES;
				CLANG_ENABLE_OBJC_ARC = YES;
				CLANG_WARN_BOOL_CONVERSION = YES;
				CLANG_WARN_CONSTANT_CONVERSION = YES;
				CLANG_WARN_DIRECT_OBJC_ISA_USAGE = YES_ERROR;
				CLANG_WARN_DOCUMENTATION_COMMENTS = YES;
				CLANG_WARN_EMPTY_BODY = YES;
				CLANG_WARN_ENUM_CONVERSION = YES;
				CLANG_WARN_INFINITE_RECURSION = YES;
				CLANG_WARN_INT_CONVERSION = YES;
				CLANG_WARN_OBJC_ROOT_CLASS = YES_ERROR;
				CLANG_WARN_SUSPICIOUS_MOVE = YES;
				CLANG_WARN_UNREACHABLE_CODE = YES;
				CLANG_WARN__DUPLICATE_METHOD_MATCH = YES;
				"CODE_SIGN_IDENTITY[sdk=iphoneos*]" = "iPhone Developer";
				COPY_PHASE_STRIP = NO;
				DEBUG_INFORMATION_FORMAT = "dwarf-with-dsym";
				ENABLE_NS_ASSERTIONS = NO;
				ENABLE_STRICT_OBJC_MSGSEND = YES;
				GCC_C_LANGUAGE_STANDARD = gnu99;
				GCC_NO_COMMON_BLOCKS = YES;
				GCC_WARN_64_TO_32_BIT_CONVERSION = YES;
				GCC_WARN_ABOUT_RETURN_TYPE = YES_ERROR;
				GCC_WARN_UNDECLARED_SELECTOR = YES;
				GCC_WARN_UNINITIALIZED_AUTOS = YES_AGGRESSIVE;
				GCC_WARN_UNUSED_FUNCTION = YES;
				GCC_WARN_UNUSED_VARIABLE = YES;
				IPHONEOS_DEPLOYMENT_TARGET = 10.3;
				MTL_ENABLE_DEBUG_INFO = NO;
				SDKROOT = iphoneos;
				SWIFT_OPTIMIZATION_LEVEL = "-Owholemodule";
				VALIDATE_PRODUCT = YES;
			};
			name = Release;
		};
		7E1E8E4F1F0A5036004F359A /* Debug */ = {
			isa = XCBuildConfiguration;
			buildSettings = {
				ASSETCATALOG_COMPILER_APPICON_NAME = AppIcon;
				DEVELOPMENT_TEAM = GNEXKQ27HT;
				INFOPLIST_FILE = HoneycombPractice/Info.plist;
				LD_RUNPATH_SEARCH_PATHS = "$(inherited) @executable_path/Frameworks";
				PRODUCT_BUNDLE_IDENTIFIER = Brocas.HoneycombPractice;
				PRODUCT_NAME = "$(TARGET_NAME)";
				SWIFT_VERSION = 3.0;
			};
			name = Debug;
		};
		7E1E8E501F0A5036004F359A /* Release */ = {
			isa = XCBuildConfiguration;
			buildSettings = {
				ASSETCATALOG_COMPILER_APPICON_NAME = AppIcon;
				DEVELOPMENT_TEAM = GNEXKQ27HT;
				INFOPLIST_FILE = HoneycombPractice/Info.plist;
				LD_RUNPATH_SEARCH_PATHS = "$(inherited) @executable_path/Frameworks";
				PRODUCT_BUNDLE_IDENTIFIER = Brocas.HoneycombPractice;
				PRODUCT_NAME = "$(TARGET_NAME)";
				SWIFT_VERSION = 3.0;
			};
			name = Release;
		};
/* End XCBuildConfiguration section */

/* Begin XCConfigurationList section */
		7E1E8E371F0A5036004F359A /* Build configuration list for PBXProject "HoneycombPractice" */ = {
			isa = XCConfigurationList;
			buildConfigurations = (
				7E1E8E4C1F0A5036004F359A /* Debug */,
				7E1E8E4D1F0A5036004F359A /* Release */,
			);
			defaultConfigurationIsVisible = 0;
			defaultConfigurationName = Release;
		};
		7E1E8E4E1F0A5036004F359A /* Build configuration list for PBXNativeTarget "HoneycombPractice" */ = {
			isa = XCConfigurationList;
			buildConfigurations = (
				7E1E8E4F1F0A5036004F359A /* Debug */,
				7E1E8E501F0A5036004F359A /* Release */,
			);
			defaultConfigurationIsVisible = 0;
		};
/* End XCConfigurationList section */
	};
	rootObject = 7E1E8E341F0A5036004F359A /* Project object */;
}
